
Microsoft Visual Studio Solution File, Format Version 12.00
# Visual Studio Version 16
VisualStudioVersion = 16.0.30011.22
MinimumVisualStudioVersion = 10.0.40219.1
Project("{FAE04EC0-301F-11D3-BF4B-00C04F79EFBC}") = "VORP-BankClient", "VORP-Bank\VORP-BankClient.csproj", "{75338EED-BD0C-41CD-B929-A2EB3F764E04}"
EndProject
Project("{FAE04EC0-301F-11D3-BF4B-00C04F79EFBC}") = "VORP-BankServer", "VORP-BankServer\VORP-BankServer.csproj", "{1B097B96-5AA4-4C5F-89D7-A0A322E83F11}"
EndProject
Global
	GlobalSection(SolutionConfigurationPlatforms) = preSolution
		Debug|Any CPU = Debug|Any CPU
		Release|Any CPU = Release|Any CPU
	EndGlobalSection
	GlobalSection(ProjectConfigurationPlatforms) = postSolution
		{75338EED-BD0C-41CD-B929-A2EB3F764E04}.Debug|Any CPU.ActiveCfg = Debug|Any CPU
		{75338EED-BD0C-41CD-B929-A2EB3F764E04}.Debug|Any CPU.Build.0 = Debug|Any CPU
		{75338EED-BD0C-41CD-B929-A2EB3F764E04}.Release|Any CPU.ActiveCfg = Release|Any CPU
		{75338EED-BD0C-41CD-B929-A2EB3F764E04}.Release|Any CPU.Build.0 = Release|Any CPU
		{1B097B96-5AA4-4C5F-89D7-A0A322E83F11}.Debug|Any CPU.ActiveCfg = Debug|Any CPU
		{1B097B96-5AA4-4C5F-89D7-A0A322E83F11}.Debug|Any CPU.Build.0 = Debug|Any CPU
		{1B097B96-5AA4-4C5F-89D7-A0A322E83F11}.Release|Any CPU.ActiveCfg = Release|Any CPU
		{1B097B96-5AA4-4C5F-89D7-A0A322E83F11}.Release|Any CPU.Build.0 = Release|Any CPU
	EndGlobalSection
	GlobalSection(SolutionProperties) = preSolution
		HideSolutionNode = FALSE
	EndGlobalSection
	GlobalSection(ExtensibilityGlobals) = postSolution
		SolutionGuid = {E5A95D3F-2CD2-48B7-A59D-12E5A8F6713E}
	EndGlobalSection
EndGlobal
